
Microsoft Visual Studio Solution File, Format Version 12.00
# Visual Studio Version 16
VisualStudioVersion = 16.0.31702.278
MinimumVisualStudioVersion = 10.0.40219.1
Project("{FAE04EC0-301F-11D3-BF4B-00C04F79EFBC}") = "User_Define_Attribute", "User_Define_Attribute.csproj", "{FAEE8734-F274-45AA-8264-2F2231C4BFEB}"
EndProject
Global
	GlobalSection(SolutionConfigurationPlatforms) = preSolution
		Debug|Any CPU = Debug|Any CPU
		Release|Any CPU = Release|Any CPU
	EndGlobalSection
	GlobalSection(ProjectConfigurationPlatforms) = postSolution
		{FAEE8734-F274-45AA-8264-2F2231C4BFEB}.Debug|Any CPU.ActiveCfg = Debug|Any CPU
		{FAEE8734-F274-45AA-8264-2F2231C4BFEB}.Debug|Any CPU.Build.0 = Debug|Any CPU
		{FAEE8734-F274-45AA-8264-2F2231C4BFEB}.Release|Any CPU.ActiveCfg = Release|Any CPU
		{FAEE8734-F274-45AA-8264-2F2231C4BFEB}.Release|Any CPU.Build.0 = Release|Any CPU
	EndGlobalSection
	GlobalSection(SolutionProperties) = preSolution
		HideSolutionNode = FALSE
	EndGlobalSection
	GlobalSection(ExtensibilityGlobals) = postSolution
		SolutionGuid = {7A4956EB-714C-4B29-AE6D-630EA13D83E0}
	EndGlobalSection
EndGlobal
